{
  "name": "crowdcurio-image-annotator",
  "version": "1.0.0",
  "lockfileVersion": 1,
  "requires": true,
  "dependencies": {
    "jquery": {
      "version": "1.11.1",
      "resolved": "https://registry.npmjs.org/jquery/-/jquery-1.11.1.tgz",
      "integrity": "sha1-tuyShZARLr7Wnh5Jy/0AJczWDds="
    },
    "jquery-ui": {
      "version": "1.12.1",
      "resolved": "https://registry.npmjs.org/jquery-ui/-/jquery-ui-1.12.1.tgz",
      "integrity": "sha1-vLQEXI3QU5wTS8FIjN0+dop6nlE="
    },
    "jquery-ui-browserify": {
      "version": "1.11.0-pre-seelio",
      "resolved": "https://registry.npmjs.org/jquery-ui-browserify/-/jquery-ui-browserify-1.11.0pre-seelio.tgz",
      "integrity": "sha1-+tWxbQ6QVQ25cl//ZhvaqUFQWP4="
    }
  }
}
