{
  "name": "crowdcurio-image-annotator",
  "version": "1.0.0",
  "lockfileVersion": 1,
  "requires": true,
  "dependencies": {
    "crowdcurio-client": {
      "version": "0.1.0",
      "resolved": "https://registry.npmjs.org/crowdcurio-client/-/crowdcurio-client-0.1.0.tgz",
      "integrity": "sha512-OMf+x7yYusvRMZn05EfLAKWrYuQYLB9zkcJhbUnp2ffTosAJLiPxP9kVtV/DkxujWe4BxSxW95sKLCVXiZnytQ==",
      "requires": {
        "reconnectingwebsocket": "1.0.0"
      }
    },
    "hammerjs": {
      "version": "2.0.8",
      "resolved": "https://registry.npmjs.org/hammerjs/-/hammerjs-2.0.8.tgz",
      "integrity": "sha1-BO93hiz/K7edMPdpIJWTAiK/YPE="
    },
    "intro.js": {
      "version": "2.8.0-alpha.1",
      "resolved": "https://registry.npmjs.org/intro.js/-/intro.js-2.8.0-alpha.1.tgz",
      "integrity": "sha1-CDh4OviPbVIlT4bBGOYKXUo58f4="
    },
    "jquery": {
      "version": "1.11.1",
      "resolved": "https://registry.npmjs.org/jquery/-/jquery-1.11.1.tgz",
      "integrity": "sha1-tuyShZARLr7Wnh5Jy/0AJczWDds="
    },
    "jquery-ui": {
      "version": "1.12.1",
      "resolved": "https://registry.npmjs.org/jquery-ui/-/jquery-ui-1.12.1.tgz",
      "integrity": "sha1-vLQEXI3QU5wTS8FIjN0+dop6nlE="
    },
    "jquery-ui-browserify": {
      "version": "1.11.0-pre-seelio",
      "resolved": "https://registry.npmjs.org/jquery-ui-browserify/-/jquery-ui-browserify-1.11.0pre-seelio.tgz",
      "integrity": "sha1-+tWxbQ6QVQ25cl//ZhvaqUFQWP4="
    },
    "materialize-css": {
      "version": "0.100.2",
      "resolved": "https://registry.npmjs.org/materialize-css/-/materialize-css-0.100.2.tgz",
      "integrity": "sha512-Bf4YeoJCIdk4dlpnmVX+DIOJBbqOKwfBPD+tT5bxwXNFMLk649CGbldqtnctkkfMp+fGgSAsdYu9lo1ZolZqgA==",
      "requires": {
        "hammerjs": "2.0.8",
        "jquery": "3.2.1"
      },
      "dependencies": {
        "jquery": {
          "version": "3.2.1",
          "resolved": "https://registry.npmjs.org/jquery/-/jquery-3.2.1.tgz",
          "integrity": "sha1-XE2d5lKvbNCncBVKYxu6ErAVx4c="
        }
      }
    },
    "rangeslider.js": {
      "version": "2.3.1",
      "resolved": "https://registry.npmjs.org/rangeslider.js/-/rangeslider.js-2.3.1.tgz",
      "integrity": "sha512-e7waX7Zrf9EcmpNcNDOti4M+hi1JgDMX8ZoE+Q+gSxc6V6t5XeGiLKr/f5xMyLmvTrfG15Ze0YwF7XDk5AQHcw==",
      "requires": {
        "jquery": "1.11.1"
      }
    },
    "reconnectingwebsocket": {
      "version": "1.0.0",
      "resolved": "https://registry.npmjs.org/reconnectingwebsocket/-/reconnectingwebsocket-1.0.0.tgz",
      "integrity": "sha1-C4Jbq7N7ZwRFxlqn0+2XgwAgVEQ="
    }
  }
}
